
Microsoft Visual Studio Solution File, Format Version 12.00
# Visual Studio 2012
Project("{FAE04EC0-301F-11D3-BF4B-00C04F79EFBC}") = "VirtualClassroom.Services", "VirtualClassroom.Services\VirtualClassroom.Services.csproj", "{3B5329F9-9BBD-44B8-801E-656065C604CA}"
EndProject
Global
	GlobalSection(SolutionConfigurationPlatforms) = preSolution
		Debug|Any CPU = Debug|Any CPU
		Release|Any CPU = Release|Any CPU
	EndGlobalSection
	GlobalSection(ProjectConfigurationPlatforms) = postSolution
		{3B5329F9-9BBD-44B8-801E-656065C604CA}.Debug|Any CPU.ActiveCfg = Debug|Any CPU
		{3B5329F9-9BBD-44B8-801E-656065C604CA}.Debug|Any CPU.Build.0 = Debug|Any CPU
		{3B5329F9-9BBD-44B8-801E-656065C604CA}.Release|Any CPU.ActiveCfg = Release|Any CPU
		{3B5329F9-9BBD-44B8-801E-656065C604CA}.Release|Any CPU.Build.0 = Release|Any CPU
	EndGlobalSection
	GlobalSection(SolutionProperties) = preSolution
		HideSolutionNode = FALSE
	EndGlobalSection
EndGlobal
